
Microsoft Visual Studio Solution File, Format Version 12.00
# Visual Studio Version 16
VisualStudioVersion = 16.0.30621.155
MinimumVisualStudioVersion = 10.0.40219.1
Project("{8BC9CEB8-8B4A-11D0-8D11-00A0C91BC942}") = "插入排序", "插入排序\插入排序.vcxproj", "{A014B8DB-BE02-44CE-84D4-AD3F185648DA}"
EndProject
Project("{8BC9CEB8-8B4A-11D0-8D11-00A0C91BC942}") = "快速排序", "分治排序\分治排序.vcxproj", "{47ADB807-8A4A-4B5B-9A08-F085B69669A9}"
EndProject
Project("{8BC9CEB8-8B4A-11D0-8D11-00A0C91BC942}") = "归并排序", "归并排序\归并排序.vcxproj", "{2E348031-DD23-45D8-8325-E90BA9F4FBA5}"
EndProject
Project("{8BC9CEB8-8B4A-11D0-8D11-00A0C91BC942}") = "链表", "链表\链表.vcxproj", "{B0E6F973-0B06-4A01-A100-1BD9C03C216A}"
EndProject
Project("{8BC9CEB8-8B4A-11D0-8D11-00A0C91BC942}") = "冒泡排序", "冒泡排序\冒泡排序.vcxproj", "{BF81278A-830A-4167-BE55-7D86B50D57E2}"
EndProject
Project("{8BC9CEB8-8B4A-11D0-8D11-00A0C91BC942}") = "线性表-数组", "线性表-数组\线性表-数组.vcxproj", "{2F25B581-9142-4D29-BD98-382855C4D9BE}"
EndProject
Project("{8BC9CEB8-8B4A-11D0-8D11-00A0C91BC942}") = "选择排序", "选择排序\选择排序.vcxproj", "{41356391-76A3-468C-8A3B-5ACC79608DD8}"
EndProject
Project("{8BC9CEB8-8B4A-11D0-8D11-00A0C91BC942}") = "动态数组", "动态数组\百度网盘1.vcxproj", "{8EE620BA-49B5-4ED5-B381-1A9E3A08F6C0}"
EndProject
Project("{8BC9CEB8-8B4A-11D0-8D11-00A0C91BC942}") = "高精度加减乘除", "高精度加减乘除\高精度加减乘除.vcxproj", "{72F38E71-5E8A-4706-8E74-F6C3882E1E3F}"
EndProject
Project("{8BC9CEB8-8B4A-11D0-8D11-00A0C91BC942}") = "分治法-快速幂", "分治法\分治法.vcxproj", "{E7A44F7D-FC09-4B76-8C9F-A7BA2EBE2C69}"
EndProject
Project("{8BC9CEB8-8B4A-11D0-8D11-00A0C91BC942}") = "逆序对", "逆序对\逆序对.vcxproj", "{CC682E8F-797B-4E8F-9FA7-830AB604515A}"
EndProject
Project("{8BC9CEB8-8B4A-11D0-8D11-00A0C91BC942}") = "回溯法", "回溯法\回溯法.vcxproj", "{176240B7-0764-4A09-A3C0-6D42E05350AF}"
EndProject
Project("{8BC9CEB8-8B4A-11D0-8D11-00A0C91BC942}") = "图", "图\图.vcxproj", "{35BFE190-6C47-44A9-8CDA-A67359B1B333}"
EndProject
Project("{8BC9CEB8-8B4A-11D0-8D11-00A0C91BC942}") = "实现栈", "栈排序\栈排序.vcxproj", "{14617435-8CD0-477F-ADF6-FD19C488441D}"
EndProject
Project("{8BC9CEB8-8B4A-11D0-8D11-00A0C91BC942}") = "实现堆", "堆\堆.vcxproj", "{9799069A-7383-4955-B457-4B20772CDA2D}"
EndProject
Project("{8BC9CEB8-8B4A-11D0-8D11-00A0C91BC942}") = "实现队列", "实现队列\实现队列.vcxproj", "{51B7F4B7-6775-49A9-A29A-C902B650BDBD}"
EndProject
Project("{8BC9CEB8-8B4A-11D0-8D11-00A0C91BC942}") = "DFS", "DFS\DFS.vcxproj", "{E3FDCF43-C2C5-4C15-85CF-02D5064A82AC}"
EndProject
Project("{8BC9CEB8-8B4A-11D0-8D11-00A0C91BC942}") = "哈希", "哈希\哈希.vcxproj", "{077AC0F1-67E8-4164-85E7-15E5BA4EEF05}"
EndProject
Project("{8BC9CEB8-8B4A-11D0-8D11-00A0C91BC942}") = "二叉树", "二叉树\二叉树.vcxproj", "{121ECF0D-CF77-45D5-8115-CC71B5361D8D}"
EndProject
Project("{8BC9CEB8-8B4A-11D0-8D11-00A0C91BC942}") = "哈夫曼树", "哈夫曼树\哈夫曼树.vcxproj", "{9E833DE1-1F43-477E-9FA4-A1BC073631C8}"
EndProject
Project("{8BC9CEB8-8B4A-11D0-8D11-00A0C91BC942}") = "贪心", "贪心\贪心.vcxproj", "{5A8D1A0A-771E-44F6-BD90-679782E1939C}"
EndProject
Project("{8BC9CEB8-8B4A-11D0-8D11-00A0C91BC942}") = "BFS", "BFS\BFS.vcxproj", "{E9CDFEFF-D771-4ED8-9FDE-81E89C3DFF37}"
EndProject
Project("{8BC9CEB8-8B4A-11D0-8D11-00A0C91BC942}") = "DP", "DP\DP.vcxproj", "{CB565ACB-D297-4BF8-82D5-1FE6C0BEDB85}"
EndProject
Project("{8BC9CEB8-8B4A-11D0-8D11-00A0C91BC942}") = "栈运用", "栈运用\栈运用.vcxproj", "{85A091CF-47DC-4F00-ADD1-3C8A31ED89A3}"
EndProject
Project("{8BC9CEB8-8B4A-11D0-8D11-00A0C91BC942}") = "并查集", "并查集\并查集.vcxproj", "{431F5B67-B5FC-4E7F-9C02-AE7227708160}"
EndProject
Global
	GlobalSection(SolutionConfigurationPlatforms) = preSolution
		Debug|x64 = Debug|x64
		Debug|x86 = Debug|x86
		Release|x64 = Release|x64
		Release|x86 = Release|x86
	EndGlobalSection
	GlobalSection(ProjectConfigurationPlatforms) = postSolution
		{A014B8DB-BE02-44CE-84D4-AD3F185648DA}.Debug|x64.ActiveCfg = Debug|x64
		{A014B8DB-BE02-44CE-84D4-AD3F185648DA}.Debug|x64.Build.0 = Debug|x64
		{A014B8DB-BE02-44CE-84D4-AD3F185648DA}.Debug|x86.ActiveCfg = Debug|Win32
		{A014B8DB-BE02-44CE-84D4-AD3F185648DA}.Debug|x86.Build.0 = Debug|Win32
		{A014B8DB-BE02-44CE-84D4-AD3F185648DA}.Release|x64.ActiveCfg = Release|x64
		{A014B8DB-BE02-44CE-84D4-AD3F185648DA}.Release|x64.Build.0 = Release|x64
		{A014B8DB-BE02-44CE-84D4-AD3F185648DA}.Release|x86.ActiveCfg = Release|Win32
		{A014B8DB-BE02-44CE-84D4-AD3F185648DA}.Release|x86.Build.0 = Release|Win32
		{47ADB807-8A4A-4B5B-9A08-F085B69669A9}.Debug|x64.ActiveCfg = Debug|x64
		{47ADB807-8A4A-4B5B-9A08-F085B69669A9}.Debug|x64.Build.0 = Debug|x64
		{47ADB807-8A4A-4B5B-9A08-F085B69669A9}.Debug|x86.ActiveCfg = Debug|Win32
		{47ADB807-8A4A-4B5B-9A08-F085B69669A9}.Debug|x86.Build.0 = Debug|Win32
		{47ADB807-8A4A-4B5B-9A08-F085B69669A9}.Release|x64.ActiveCfg = Release|x64
		{47ADB807-8A4A-4B5B-9A08-F085B69669A9}.Release|x64.Build.0 = Release|x64
		{47ADB807-8A4A-4B5B-9A08-F085B69669A9}.Release|x86.ActiveCfg = Release|Win32
		{47ADB807-8A4A-4B5B-9A08-F085B69669A9}.Release|x86.Build.0 = Release|Win32
		{2E348031-DD23-45D8-8325-E90BA9F4FBA5}.Debug|x64.ActiveCfg = Debug|x64
		{2E348031-DD23-45D8-8325-E90BA9F4FBA5}.Debug|x64.Build.0 = Debug|x64
		{2E348031-DD23-45D8-8325-E90BA9F4FBA5}.Debug|x86.ActiveCfg = Debug|Win32
		{2E348031-DD23-45D8-8325-E90BA9F4FBA5}.Debug|x86.Build.0 = Debug|Win32
		{2E348031-DD23-45D8-8325-E90BA9F4FBA5}.Release|x64.ActiveCfg = Release|x64
		{2E348031-DD23-45D8-8325-E90BA9F4FBA5}.Release|x64.Build.0 = Release|x64
		{2E348031-DD23-45D8-8325-E90BA9F4FBA5}.Release|x86.ActiveCfg = Release|Win32
		{2E348031-DD23-45D8-8325-E90BA9F4FBA5}.Release|x86.Build.0 = Release|Win32
		{B0E6F973-0B06-4A01-A100-1BD9C03C216A}.Debug|x64.ActiveCfg = Debug|x64
		{B0E6F973-0B06-4A01-A100-1BD9C03C216A}.Debug|x64.Build.0 = Debug|x64
		{B0E6F973-0B06-4A01-A100-1BD9C03C216A}.Debug|x86.ActiveCfg = Debug|Win32
		{B0E6F973-0B06-4A01-A100-1BD9C03C216A}.Debug|x86.Build.0 = Debug|Win32
		{B0E6F973-0B06-4A01-A100-1BD9C03C216A}.Release|x64.ActiveCfg = Release|x64
		{B0E6F973-0B06-4A01-A100-1BD9C03C216A}.Release|x64.Build.0 = Release|x64
		{B0E6F973-0B06-4A01-A100-1BD9C03C216A}.Release|x86.ActiveCfg = Release|Win32
		{B0E6F973-0B06-4A01-A100-1BD9C03C216A}.Release|x86.Build.0 = Release|Win32
		{BF81278A-830A-4167-BE55-7D86B50D57E2}.Debug|x64.ActiveCfg = Debug|x64
		{BF81278A-830A-4167-BE55-7D86B50D57E2}.Debug|x64.Build.0 = Debug|x64
		{BF81278A-830A-4167-BE55-7D86B50D57E2}.Debug|x86.ActiveCfg = Debug|Win32
		{BF81278A-830A-4167-BE55-7D86B50D57E2}.Debug|x86.Build.0 = Debug|Win32
		{BF81278A-830A-4167-BE55-7D86B50D57E2}.Release|x64.ActiveCfg = Release|x64
		{BF81278A-830A-4167-BE55-7D86B50D57E2}.Release|x64.Build.0 = Release|x64
		{BF81278A-830A-4167-BE55-7D86B50D57E2}.Release|x86.ActiveCfg = Release|Win32
		{BF81278A-830A-4167-BE55-7D86B50D57E2}.Release|x86.Build.0 = Release|Win32
		{2F25B581-9142-4D29-BD98-382855C4D9BE}.Debug|x64.ActiveCfg = Debug|x64
		{2F25B581-9142-4D29-BD98-382855C4D9BE}.Debug|x64.Build.0 = Debug|x64
		{2F25B581-9142-4D29-BD98-382855C4D9BE}.Debug|x86.ActiveCfg = Debug|Win32
		{2F25B581-9142-4D29-BD98-382855C4D9BE}.Debug|x86.Build.0 = Debug|Win32
		{2F25B581-9142-4D29-BD98-382855C4D9BE}.Release|x64.ActiveCfg = Release|x64
		{2F25B581-9142-4D29-BD98-382855C4D9BE}.Release|x64.Build.0 = Release|x64
		{2F25B581-9142-4D29-BD98-382855C4D9BE}.Release|x86.ActiveCfg = Release|Win32
		{2F25B581-9142-4D29-BD98-382855C4D9BE}.Release|x86.Build.0 = Release|Win32
		{41356391-76A3-468C-8A3B-5ACC79608DD8}.Debug|x64.ActiveCfg = Debug|x64
		{41356391-76A3-468C-8A3B-5ACC79608DD8}.Debug|x64.Build.0 = Debug|x64
		{41356391-76A3-468C-8A3B-5ACC79608DD8}.Debug|x86.ActiveCfg = Debug|Win32
		{41356391-76A3-468C-8A3B-5ACC79608DD8}.Debug|x86.Build.0 = Debug|Win32
		{41356391-76A3-468C-8A3B-5ACC79608DD8}.Release|x64.ActiveCfg = Release|x64
		{41356391-76A3-468C-8A3B-5ACC79608DD8}.Release|x64.Build.0 = Release|x64
		{41356391-76A3-468C-8A3B-5ACC79608DD8}.Release|x86.ActiveCfg = Release|Win32
		{41356391-76A3-468C-8A3B-5ACC79608DD8}.Release|x86.Build.0 = Release|Win32
		{8EE620BA-49B5-4ED5-B381-1A9E3A08F6C0}.Debug|x64.ActiveCfg = Debug|x64
		{8EE620BA-49B5-4ED5-B381-1A9E3A08F6C0}.Debug|x64.Build.0 = Debug|x64
		{8EE620BA-49B5-4ED5-B381-1A9E3A08F6C0}.Debug|x86.ActiveCfg = Debug|Win32
		{8EE620BA-49B5-4ED5-B381-1A9E3A08F6C0}.Debug|x86.Build.0 = Debug|Win32
		{8EE620BA-49B5-4ED5-B381-1A9E3A08F6C0}.Release|x64.ActiveCfg = Release|x64
		{8EE620BA-49B5-4ED5-B381-1A9E3A08F6C0}.Release|x64.Build.0 = Release|x64
		{8EE620BA-49B5-4ED5-B381-1A9E3A08F6C0}.Release|x86.ActiveCfg = Release|Win32
		{8EE620BA-49B5-4ED5-B381-1A9E3A08F6C0}.Release|x86.Build.0 = Release|Win32
		{72F38E71-5E8A-4706-8E74-F6C3882E1E3F}.Debug|x64.ActiveCfg = Debug|x64
		{72F38E71-5E8A-4706-8E74-F6C3882E1E3F}.Debug|x64.Build.0 = Debug|x64
		{72F38E71-5E8A-4706-8E74-F6C3882E1E3F}.Debug|x86.ActiveCfg = Debug|Win32
		{72F38E71-5E8A-4706-8E74-F6C3882E1E3F}.Debug|x86.Build.0 = Debug|Win32
		{72F38E71-5E8A-4706-8E74-F6C3882E1E3F}.Release|x64.ActiveCfg = Release|x64
		{72F38E71-5E8A-4706-8E74-F6C3882E1E3F}.Release|x64.Build.0 = Release|x64
		{72F38E71-5E8A-4706-8E74-F6C3882E1E3F}.Release|x86.ActiveCfg = Release|Win32
		{72F38E71-5E8A-4706-8E74-F6C3882E1E3F}.Release|x86.Build.0 = Release|Win32
		{E7A44F7D-FC09-4B76-8C9F-A7BA2EBE2C69}.Debug|x64.ActiveCfg = Debug|x64
		{E7A44F7D-FC09-4B76-8C9F-A7BA2EBE2C69}.Debug|x64.Build.0 = Debug|x64
		{E7A44F7D-FC09-4B76-8C9F-A7BA2EBE2C69}.Debug|x86.ActiveCfg = Debug|Win32
		{E7A44F7D-FC09-4B76-8C9F-A7BA2EBE2C69}.Debug|x86.Build.0 = Debug|Win32
		{E7A44F7D-FC09-4B76-8C9F-A7BA2EBE2C69}.Release|x64.ActiveCfg = Release|x64
		{E7A44F7D-FC09-4B76-8C9F-A7BA2EBE2C69}.Release|x64.Build.0 = Release|x64
		{E7A44F7D-FC09-4B76-8C9F-A7BA2EBE2C69}.Release|x86.ActiveCfg = Release|Win32
		{E7A44F7D-FC09-4B76-8C9F-A7BA2EBE2C69}.Release|x86.Build.0 = Release|Win32
		{CC682E8F-797B-4E8F-9FA7-830AB604515A}.Debug|x64.ActiveCfg = Debug|x64
		{CC682E8F-797B-4E8F-9FA7-830AB604515A}.Debug|x64.Build.0 = Debug|x64
		{CC682E8F-797B-4E8F-9FA7-830AB604515A}.Debug|x86.ActiveCfg = Debug|Win32
		{CC682E8F-797B-4E8F-9FA7-830AB604515A}.Debug|x86.Build.0 = Debug|Win32
		{CC682E8F-797B-4E8F-9FA7-830AB604515A}.Release|x64.ActiveCfg = Release|x64
		{CC682E8F-797B-4E8F-9FA7-830AB604515A}.Release|x64.Build.0 = Release|x64
		{CC682E8F-797B-4E8F-9FA7-830AB604515A}.Release|x86.ActiveCfg = Release|Win32
		{CC682E8F-797B-4E8F-9FA7-830AB604515A}.Release|x86.Build.0 = Release|Win32
		{176240B7-0764-4A09-A3C0-6D42E05350AF}.Debug|x64.ActiveCfg = Debug|x64
		{176240B7-0764-4A09-A3C0-6D42E05350AF}.Debug|x64.Build.0 = Debug|x64
		{176240B7-0764-4A09-A3C0-6D42E05350AF}.Debug|x86.ActiveCfg = Debug|Win32
		{176240B7-0764-4A09-A3C0-6D42E05350AF}.Debug|x86.Build.0 = Debug|Win32
		{176240B7-0764-4A09-A3C0-6D42E05350AF}.Release|x64.ActiveCfg = Release|x64
		{176240B7-0764-4A09-A3C0-6D42E05350AF}.Release|x64.Build.0 = Release|x64
		{176240B7-0764-4A09-A3C0-6D42E05350AF}.Release|x86.ActiveCfg = Release|Win32
		{176240B7-0764-4A09-A3C0-6D42E05350AF}.Release|x86.Build.0 = Release|Win32
		{35BFE190-6C47-44A9-8CDA-A67359B1B333}.Debug|x64.ActiveCfg = Debug|x64
		{35BFE190-6C47-44A9-8CDA-A67359B1B333}.Debug|x64.Build.0 = Debug|x64
		{35BFE190-6C47-44A9-8CDA-A67359B1B333}.Debug|x86.ActiveCfg = Debug|Win32
		{35BFE190-6C47-44A9-8CDA-A67359B1B333}.Debug|x86.Build.0 = Debug|Win32
		{35BFE190-6C47-44A9-8CDA-A67359B1B333}.Release|x64.ActiveCfg = Release|x64
		{35BFE190-6C47-44A9-8CDA-A67359B1B333}.Release|x64.Build.0 = Release|x64
		{35BFE190-6C47-44A9-8CDA-A67359B1B333}.Release|x86.ActiveCfg = Release|Win32
		{35BFE190-6C47-44A9-8CDA-A67359B1B333}.Release|x86.Build.0 = Release|Win32
		{14617435-8CD0-477F-ADF6-FD19C488441D}.Debug|x64.ActiveCfg = Debug|x64
		{14617435-8CD0-477F-ADF6-FD19C488441D}.Debug|x64.Build.0 = Debug|x64
		{14617435-8CD0-477F-ADF6-FD19C488441D}.Debug|x86.ActiveCfg = Debug|Win32
		{14617435-8CD0-477F-ADF6-FD19C488441D}.Debug|x86.Build.0 = Debug|Win32
		{14617435-8CD0-477F-ADF6-FD19C488441D}.Release|x64.ActiveCfg = Release|x64
		{14617435-8CD0-477F-ADF6-FD19C488441D}.Release|x64.Build.0 = Release|x64
		{14617435-8CD0-477F-ADF6-FD19C488441D}.Release|x86.ActiveCfg = Release|Win32
		{14617435-8CD0-477F-ADF6-FD19C488441D}.Release|x86.Build.0 = Release|Win32
		{9799069A-7383-4955-B457-4B20772CDA2D}.Debug|x64.ActiveCfg = Debug|x64
		{9799069A-7383-4955-B457-4B20772CDA2D}.Debug|x64.Build.0 = Debug|x64
		{9799069A-7383-4955-B457-4B20772CDA2D}.Debug|x86.ActiveCfg = Debug|Win32
		{9799069A-7383-4955-B457-4B20772CDA2D}.Debug|x86.Build.0 = Debug|Win32
		{9799069A-7383-4955-B457-4B20772CDA2D}.Release|x64.ActiveCfg = Release|x64
		{9799069A-7383-4955-B457-4B20772CDA2D}.Release|x64.Build.0 = Release|x64
		{9799069A-7383-4955-B457-4B20772CDA2D}.Release|x86.ActiveCfg = Release|Win32
		{9799069A-7383-4955-B457-4B20772CDA2D}.Release|x86.Build.0 = Release|Win32
		{51B7F4B7-6775-49A9-A29A-C902B650BDBD}.Debug|x64.ActiveCfg = Debug|x64
		{51B7F4B7-6775-49A9-A29A-C902B650BDBD}.Debug|x64.Build.0 = Debug|x64
		{51B7F4B7-6775-49A9-A29A-C902B650BDBD}.Debug|x86.ActiveCfg = Debug|Win32
		{51B7F4B7-6775-49A9-A29A-C902B650BDBD}.Debug|x86.Build.0 = Debug|Win32
		{51B7F4B7-6775-49A9-A29A-C902B650BDBD}.Release|x64.ActiveCfg = Release|x64
		{51B7F4B7-6775-49A9-A29A-C902B650BDBD}.Release|x64.Build.0 = Release|x64
		{51B7F4B7-6775-49A9-A29A-C902B650BDBD}.Release|x86.ActiveCfg = Release|Win32
		{51B7F4B7-6775-49A9-A29A-C902B650BDBD}.Release|x86.Build.0 = Release|Win32
		{E3FDCF43-C2C5-4C15-85CF-02D5064A82AC}.Debug|x64.ActiveCfg = Debug|x64
		{E3FDCF43-C2C5-4C15-85CF-02D5064A82AC}.Debug|x64.Build.0 = Debug|x64
		{E3FDCF43-C2C5-4C15-85CF-02D5064A82AC}.Debug|x86.ActiveCfg = Debug|Win32
		{E3FDCF43-C2C5-4C15-85CF-02D5064A82AC}.Debug|x86.Build.0 = Debug|Win32
		{E3FDCF43-C2C5-4C15-85CF-02D5064A82AC}.Release|x64.ActiveCfg = Release|x64
		{E3FDCF43-C2C5-4C15-85CF-02D5064A82AC}.Release|x64.Build.0 = Release|x64
		{E3FDCF43-C2C5-4C15-85CF-02D5064A82AC}.Release|x86.ActiveCfg = Release|Win32
		{E3FDCF43-C2C5-4C15-85CF-02D5064A82AC}.Release|x86.Build.0 = Release|Win32
		{077AC0F1-67E8-4164-85E7-15E5BA4EEF05}.Debug|x64.ActiveCfg = Debug|x64
		{077AC0F1-67E8-4164-85E7-15E5BA4EEF05}.Debug|x64.Build.0 = Debug|x64
		{077AC0F1-67E8-4164-85E7-15E5BA4EEF05}.Debug|x86.ActiveCfg = Debug|Win32
		{077AC0F1-67E8-4164-85E7-15E5BA4EEF05}.Debug|x86.Build.0 = Debug|Win32
		{077AC0F1-67E8-4164-85E7-15E5BA4EEF05}.Release|x64.ActiveCfg = Release|x64
		{077AC0F1-67E8-4164-85E7-15E5BA4EEF05}.Release|x64.Build.0 = Release|x64
		{077AC0F1-67E8-4164-85E7-15E5BA4EEF05}.Release|x86.ActiveCfg = Release|Win32
		{077AC0F1-67E8-4164-85E7-15E5BA4EEF05}.Release|x86.Build.0 = Release|Win32
		{121ECF0D-CF77-45D5-8115-CC71B5361D8D}.Debug|x64.ActiveCfg = Debug|x64
		{121ECF0D-CF77-45D5-8115-CC71B5361D8D}.Debug|x64.Build.0 = Debug|x64
		{121ECF0D-CF77-45D5-8115-CC71B5361D8D}.Debug|x86.ActiveCfg = Debug|Win32
		{121ECF0D-CF77-45D5-8115-CC71B5361D8D}.Debug|x86.Build.0 = Debug|Win32
		{121ECF0D-CF77-45D5-8115-CC71B5361D8D}.Release|x64.ActiveCfg = Release|x64
		{121ECF0D-CF77-45D5-8115-CC71B5361D8D}.Release|x64.Build.0 = Release|x64
		{121ECF0D-CF77-45D5-8115-CC71B5361D8D}.Release|x86.ActiveCfg = Release|Win32
		{121ECF0D-CF77-45D5-8115-CC71B5361D8D}.Release|x86.Build.0 = Release|Win32
		{9E833DE1-1F43-477E-9FA4-A1BC073631C8}.Debug|x64.ActiveCfg = Debug|x64
		{9E833DE1-1F43-477E-9FA4-A1BC073631C8}.Debug|x64.Build.0 = Debug|x64
		{9E833DE1-1F43-477E-9FA4-A1BC073631C8}.Debug|x86.ActiveCfg = Debug|Win32
		{9E833DE1-1F43-477E-9FA4-A1BC073631C8}.Debug|x86.Build.0 = Debug|Win32
		{9E833DE1-1F43-477E-9FA4-A1BC073631C8}.Release|x64.ActiveCfg = Release|x64
		{9E833DE1-1F43-477E-9FA4-A1BC073631C8}.Release|x64.Build.0 = Release|x64
		{9E833DE1-1F43-477E-9FA4-A1BC073631C8}.Release|x86.ActiveCfg = Release|Win32
		{9E833DE1-1F43-477E-9FA4-A1BC073631C8}.Release|x86.Build.0 = Release|Win32
		{5A8D1A0A-771E-44F6-BD90-679782E1939C}.Debug|x64.ActiveCfg = Debug|x64
		{5A8D1A0A-771E-44F6-BD90-679782E1939C}.Debug|x64.Build.0 = Debug|x64
		{5A8D1A0A-771E-44F6-BD90-679782E1939C}.Debug|x86.ActiveCfg = Debug|Win32
		{5A8D1A0A-771E-44F6-BD90-679782E1939C}.Debug|x86.Build.0 = Debug|Win32
		{5A8D1A0A-771E-44F6-BD90-679782E1939C}.Release|x64.ActiveCfg = Release|x64
		{5A8D1A0A-771E-44F6-BD90-679782E1939C}.Release|x64.Build.0 = Release|x64
		{5A8D1A0A-771E-44F6-BD90-679782E1939C}.Release|x86.ActiveCfg = Release|Win32
		{5A8D1A0A-771E-44F6-BD90-679782E1939C}.Release|x86.Build.0 = Release|Win32
		{E9CDFEFF-D771-4ED8-9FDE-81E89C3DFF37}.Debug|x64.ActiveCfg = Debug|x64
		{E9CDFEFF-D771-4ED8-9FDE-81E89C3DFF37}.Debug|x64.Build.0 = Debug|x64
		{E9CDFEFF-D771-4ED8-9FDE-81E89C3DFF37}.Debug|x86.ActiveCfg = Debug|Win32
		{E9CDFEFF-D771-4ED8-9FDE-81E89C3DFF37}.Debug|x86.Build.0 = Debug|Win32
		{E9CDFEFF-D771-4ED8-9FDE-81E89C3DFF37}.Release|x64.ActiveCfg = Release|x64
		{E9CDFEFF-D771-4ED8-9FDE-81E89C3DFF37}.Release|x64.Build.0 = Release|x64
		{E9CDFEFF-D771-4ED8-9FDE-81E89C3DFF37}.Release|x86.ActiveCfg = Release|Win32
		{E9CDFEFF-D771-4ED8-9FDE-81E89C3DFF37}.Release|x86.Build.0 = Release|Win32
		{CB565ACB-D297-4BF8-82D5-1FE6C0BEDB85}.Debug|x64.ActiveCfg = Debug|x64
		{CB565ACB-D297-4BF8-82D5-1FE6C0BEDB85}.Debug|x64.Build.0 = Debug|x64
		{CB565ACB-D297-4BF8-82D5-1FE6C0BEDB85}.Debug|x86.ActiveCfg = Debug|Win32
		{CB565ACB-D297-4BF8-82D5-1FE6C0BEDB85}.Debug|x86.Build.0 = Debug|Win32
		{CB565ACB-D297-4BF8-82D5-1FE6C0BEDB85}.Release|x64.ActiveCfg = Release|x64
		{CB565ACB-D297-4BF8-82D5-1FE6C0BEDB85}.Release|x64.Build.0 = Release|x64
		{CB565ACB-D297-4BF8-82D5-1FE6C0BEDB85}.Release|x86.ActiveCfg = Release|Win32
		{CB565ACB-D297-4BF8-82D5-1FE6C0BEDB85}.Release|x86.Build.0 = Release|Win32
		{85A091CF-47DC-4F00-ADD1-3C8A31ED89A3}.Debug|x64.ActiveCfg = Debug|x64
		{85A091CF-47DC-4F00-ADD1-3C8A31ED89A3}.Debug|x64.Build.0 = Debug|x64
		{85A091CF-47DC-4F00-ADD1-3C8A31ED89A3}.Debug|x86.ActiveCfg = Debug|Win32
		{85A091CF-47DC-4F00-ADD1-3C8A31ED89A3}.Debug|x86.Build.0 = Debug|Win32
		{85A091CF-47DC-4F00-ADD1-3C8A31ED89A3}.Release|x64.ActiveCfg = Release|x64
		{85A091CF-47DC-4F00-ADD1-3C8A31ED89A3}.Release|x64.Build.0 = Release|x64
		{85A091CF-47DC-4F00-ADD1-3C8A31ED89A3}.Release|x86.ActiveCfg = Release|Win32
		{85A091CF-47DC-4F00-ADD1-3C8A31ED89A3}.Release|x86.Build.0 = Release|Win32
		{431F5B67-B5FC-4E7F-9C02-AE7227708160}.Debug|x64.ActiveCfg = Debug|x64
		{431F5B67-B5FC-4E7F-9C02-AE7227708160}.Debug|x64.Build.0 = Debug|x64
		{431F5B67-B5FC-4E7F-9C02-AE7227708160}.Debug|x86.ActiveCfg = Debug|Win32
		{431F5B67-B5FC-4E7F-9C02-AE7227708160}.Debug|x86.Build.0 = Debug|Win32
		{431F5B67-B5FC-4E7F-9C02-AE7227708160}.Release|x64.ActiveCfg = Release|x64
		{431F5B67-B5FC-4E7F-9C02-AE7227708160}.Release|x64.Build.0 = Release|x64
		{431F5B67-B5FC-4E7F-9C02-AE7227708160}.Release|x86.ActiveCfg = Release|Win32
		{431F5B67-B5FC-4E7F-9C02-AE7227708160}.Release|x86.Build.0 = Release|Win32
	EndGlobalSection
	GlobalSection(SolutionProperties) = preSolution
		HideSolutionNode = FALSE
	EndGlobalSection
	GlobalSection(ExtensibilityGlobals) = postSolution
		SolutionGuid = {A745B60E-FA61-4404-A8FF-270F4028C6EB}
	EndGlobalSection
EndGlobal
